
Microsoft Visual Studio Solution File, Format Version 12.00
# Visual Studio Version 17
VisualStudioVersion = 17.8.34408.163
MinimumVisualStudioVersion = 10.0.40219.1
Project("{9A19103F-16F7-4668-BE54-9A1E7A4F7556}") = "UserStory", "UserStory\UserStory.csproj", "{297D26AA-BAB8-410A-9CFB-83AE46A719B0}"
EndProject
Project("{FAE04EC0-301F-11D3-BF4B-00C04F79EFBC}") = "UserStory.Tests", "UserStory.Tests\UserStory.Tests.csproj", "{C4EE74CD-D252-4C07-8500-E4E87EDD2EEE}"
EndProject
Global
	GlobalSection(SolutionConfigurationPlatforms) = preSolution
		Debug|Any CPU = Debug|Any CPU
		Debug|x64 = Debug|x64
		Debug|x86 = Debug|x86
		Release|Any CPU = Release|Any CPU
		Release|x64 = Release|x64
		Release|x86 = Release|x86
	EndGlobalSection
	GlobalSection(ProjectConfigurationPlatforms) = postSolution
		{297D26AA-BAB8-410A-9CFB-83AE46A719B0}.Debug|Any CPU.ActiveCfg = Debug|Any CPU
		{297D26AA-BAB8-410A-9CFB-83AE46A719B0}.Debug|Any CPU.Build.0 = Debug|Any CPU
		{297D26AA-BAB8-410A-9CFB-83AE46A719B0}.Debug|x64.ActiveCfg = Debug|x64
		{297D26AA-BAB8-410A-9CFB-83AE46A719B0}.Debug|x64.Build.0 = Debug|x64
		{297D26AA-BAB8-410A-9CFB-83AE46A719B0}.Debug|x86.ActiveCfg = Debug|x86
		{297D26AA-BAB8-410A-9CFB-83AE46A719B0}.Debug|x86.Build.0 = Debug|x86
		{297D26AA-BAB8-410A-9CFB-83AE46A719B0}.Release|Any CPU.ActiveCfg = Release|Any CPU
		{297D26AA-BAB8-410A-9CFB-83AE46A719B0}.Release|Any CPU.Build.0 = Release|Any CPU
		{297D26AA-BAB8-410A-9CFB-83AE46A719B0}.Release|x64.ActiveCfg = Release|x64
		{297D26AA-BAB8-410A-9CFB-83AE46A719B0}.Release|x64.Build.0 = Release|x64
		{297D26AA-BAB8-410A-9CFB-83AE46A719B0}.Release|x86.ActiveCfg = Release|x86
		{297D26AA-BAB8-410A-9CFB-83AE46A719B0}.Release|x86.Build.0 = Release|x86
		{C4EE74CD-D252-4C07-8500-E4E87EDD2EEE}.Debug|Any CPU.ActiveCfg = Debug|Any CPU
		{C4EE74CD-D252-4C07-8500-E4E87EDD2EEE}.Debug|Any CPU.Build.0 = Debug|Any CPU
		{C4EE74CD-D252-4C07-8500-E4E87EDD2EEE}.Debug|x64.ActiveCfg = Debug|Any CPU
		{C4EE74CD-D252-4C07-8500-E4E87EDD2EEE}.Debug|x64.Build.0 = Debug|Any CPU
		{C4EE74CD-D252-4C07-8500-E4E87EDD2EEE}.Debug|x86.ActiveCfg = Debug|Any CPU
		{C4EE74CD-D252-4C07-8500-E4E87EDD2EEE}.Debug|x86.Build.0 = Debug|Any CPU
		{C4EE74CD-D252-4C07-8500-E4E87EDD2EEE}.Release|Any CPU.ActiveCfg = Release|Any CPU
		{C4EE74CD-D252-4C07-8500-E4E87EDD2EEE}.Release|Any CPU.Build.0 = Release|Any CPU
		{C4EE74CD-D252-4C07-8500-E4E87EDD2EEE}.Release|x64.ActiveCfg = Release|Any CPU
		{C4EE74CD-D252-4C07-8500-E4E87EDD2EEE}.Release|x64.Build.0 = Release|Any CPU
		{C4EE74CD-D252-4C07-8500-E4E87EDD2EEE}.Release|x86.ActiveCfg = Release|Any CPU
		{C4EE74CD-D252-4C07-8500-E4E87EDD2EEE}.Release|x86.Build.0 = Release|Any CPU
	EndGlobalSection
	GlobalSection(SolutionProperties) = preSolution
		HideSolutionNode = FALSE
	EndGlobalSection
	GlobalSection(ExtensibilityGlobals) = postSolution
		SolutionGuid = {4F27F335-93EA-4A13-8346-8FBF7DF995D4}
	EndGlobalSection
EndGlobal
